
Microsoft Visual Studio Solution File, Format Version 12.00
# Visual Studio Version 17
VisualStudioVersion = 17.3.32901.215
MinimumVisualStudioVersion = 10.0.40219.1
Project("{FAE04EC0-301F-11D3-BF4B-00C04F79EFBC}") = "WindowsFormsApp2", "WindowsFormsApp2\WindowsFormsApp2.csproj", "{7E7603F4-EBF4-4A16-A5E0-E7C60FD28617}"
EndProject
Global
	GlobalSection(SolutionConfigurationPlatforms) = preSolution
		Debug|Any CPU = Debug|Any CPU
		Release|Any CPU = Release|Any CPU
	EndGlobalSection
	GlobalSection(ProjectConfigurationPlatforms) = postSolution
		{7E7603F4-EBF4-4A16-A5E0-E7C60FD28617}.Debug|Any CPU.ActiveCfg = Debug|Any CPU
		{7E7603F4-EBF4-4A16-A5E0-E7C60FD28617}.Debug|Any CPU.Build.0 = Debug|Any CPU
		{7E7603F4-EBF4-4A16-A5E0-E7C60FD28617}.Release|Any CPU.ActiveCfg = Release|Any CPU
		{7E7603F4-EBF4-4A16-A5E0-E7C60FD28617}.Release|Any CPU.Build.0 = Release|Any CPU
	EndGlobalSection
	GlobalSection(SolutionProperties) = preSolution
		HideSolutionNode = FALSE
	EndGlobalSection
	GlobalSection(ExtensibilityGlobals) = postSolution
		SolutionGuid = {8536E9DB-2004-47FA-8771-F80F329ABD73}
	EndGlobalSection
EndGlobal
